// !$*UTF8*$!
{
	archiveVersion = 1;
	classes = {
	};
	objectVersion = 56;
	objects = {

/* Begin PBXBuildFile section */
		1E38D3592C90271D00BB344E /* KpMedicalWalletApp.swift in Sources */ = {isa = PBXBuildFile; fileRef = 1E38D3582C90271D00BB344E /* KpMedicalWalletApp.swift */; };
		1E38D35B2C90271D00BB344E /* ContentView.swift in Sources */ = {isa = PBXBuildFile; fileRef = 1E38D35A2C90271D00BB344E /* ContentView.swift */; };
		1E38D35D2C90271D00BB344E /* Assets.xcassets in Resources */ = {isa = PBXBuildFile; fileRef = 1E38D35C2C90271D00BB344E /* Assets.xcassets */; };
		1E38D3602C90271D00BB344E /* Preview Assets.xcassets in Resources */ = {isa = PBXBuildFile; fileRef = 1E38D35F2C90271D00BB344E /* Preview Assets.xcassets */; };
		1E38D3622C90271D00BB344E /* Persistence.swift in Sources */ = {isa = PBXBuildFile; fileRef = 1E38D3612C90271D00BB344E /* Persistence.swift */; };
		1E38D3652C90271D00BB344E /* KpMedicalWallet.xcdatamodeld in Sources */ = {isa = PBXBuildFile; fileRef = 1E38D3632C90271D00BB344E /* KpMedicalWallet.xcdatamodeld */; };
		1E38D36F2C90271E00BB344E /* KpMedicalWalletTests.swift in Sources */ = {isa = PBXBuildFile; fileRef = 1E38D36E2C90271E00BB344E /* KpMedicalWalletTests.swift */; };
		1E38D3792C90271E00BB344E /* KpMedicalWalletUITests.swift in Sources */ = {isa = PBXBuildFile; fileRef = 1E38D3782C90271E00BB344E /* KpMedicalWalletUITests.swift */; };
		1E38D37B2C90271E00BB344E /* KpMedicalWalletUITestsLaunchTests.swift in Sources */ = {isa = PBXBuildFile; fileRef = 1E38D37A2C90271E00BB344E /* KpMedicalWalletUITestsLaunchTests.swift */; };
		1E38D38A2C902D7D00BB344E /* LoginView.swift in Sources */ = {isa = PBXBuildFile; fileRef = 1E38D3892C902D7D00BB344E /* LoginView.swift */; };
		1E8FBC6A2C94267900B00909 /* DatePickerDialogView.swift in Sources */ = {isa = PBXBuildFile; fileRef = 1E8FBC692C94267900B00909 /* DatePickerDialogView.swift */; };
		1E8FBC6C2C94835700B00909 /* SignupFinalView.swift in Sources */ = {isa = PBXBuildFile; fileRef = 1E8FBC6B2C94835700B00909 /* SignupFinalView.swift */; };
		1E9136FA2C91667C004F647E /* FirebaseMessaging in Frameworks */ = {isa = PBXBuildFile; productRef = 1E9136F92C91667C004F647E /* FirebaseMessaging */; };
		1E9136FC2C91669D004F647E /* GoogleService-Info.plist in Resources */ = {isa = PBXBuildFile; fileRef = 1E9136FB2C91669D004F647E /* GoogleService-Info.plist */; };
		1E9136FF2C9166F8004F647E /* FCMDelegate.swift in Sources */ = {isa = PBXBuildFile; fileRef = 1E9136FE2C9166F8004F647E /* FCMDelegate.swift */; };
		1E9137012C918E2A004F647E /* UserConfigVariable.swift in Sources */ = {isa = PBXBuildFile; fileRef = 1E9137002C918E2A004F647E /* UserConfigVariable.swift */; };
		1E9137052C91999B004F647E /* ErrorDefine.swift in Sources */ = {isa = PBXBuildFile; fileRef = 1E9137042C91999B004F647E /* ErrorDefine.swift */; };
		1E9137092C91D828004F647E /* GlobalErrorHandler.swift in Sources */ = {isa = PBXBuildFile; fileRef = 1E9137082C91D828004F647E /* GlobalErrorHandler.swift */; };
		1E91370B2C91DDAA004F647E /* UrlConfigVariable.swift in Sources */ = {isa = PBXBuildFile; fileRef = 1EAD509E2C9069090010F705 /* UrlConfigVariable.swift */; };
		1EAC112D2C92BA1E008FFE43 /* SginupAgreementView.swift in Sources */ = {isa = PBXBuildFile; fileRef = 1EAC112C2C92BA1E008FFE43 /* SginupAgreementView.swift */; };
		1EAC11302C92BB8D008FFE43 /* SigunUpModifiler.swift in Sources */ = {isa = PBXBuildFile; fileRef = 1EAC112F2C92BB8D008FFE43 /* SigunUpModifiler.swift */; };
		1EAC11332C92CE62008FFE43 /* AgreementViewModel.swift in Sources */ = {isa = PBXBuildFile; fileRef = 1EAC11322C92CE62008FFE43 /* AgreementViewModel.swift */; };
		1EAC11352C92D201008FFE43 /* Strings.plist in Resources */ = {isa = PBXBuildFile; fileRef = 1EAC11342C92D201008FFE43 /* Strings.plist */; };
		1EAC11372C92D2FE008FFE43 /* PlistManager.swift in Sources */ = {isa = PBXBuildFile; fileRef = 1EAC11362C92D2FE008FFE43 /* PlistManager.swift */; };
		1EAC11392C92E8D6008FFE43 /* SignUpDataModel.swift in Sources */ = {isa = PBXBuildFile; fileRef = 1EAC11382C92E8D6008FFE43 /* SignUpDataModel.swift */; };
		1EAC113B2C92F3D6008FFE43 /* PasswordControl.swift in Sources */ = {isa = PBXBuildFile; fileRef = 1EAC113A2C92F3D6008FFE43 /* PasswordControl.swift */; };
		1EAC113D2C92F3F8008FFE43 /* IdControl.swift in Sources */ = {isa = PBXBuildFile; fileRef = 1EAC113C2C92F3F8008FFE43 /* IdControl.swift */; };
		1EAC113F2C92F41A008FFE43 /* OtpControl.swift in Sources */ = {isa = PBXBuildFile; fileRef = 1EAC113E2C92F41A008FFE43 /* OtpControl.swift */; };
		1EAC11412C92F459008FFE43 /* DobControl.swift in Sources */ = {isa = PBXBuildFile; fileRef = 1EAC11402C92F459008FFE43 /* DobControl.swift */; };
		1EAC11432C92F4AB008FFE43 /* PhoneNumberControl.swift in Sources */ = {isa = PBXBuildFile; fileRef = 1EAC11422C92F4AB008FFE43 /* PhoneNumberControl.swift */; };
		1EAC11452C9303F7008FFE43 /* SignupPasswordView.swift in Sources */ = {isa = PBXBuildFile; fileRef = 1EAC11442C9303F7008FFE43 /* SignupPasswordView.swift */; };
		1EAC11492C930432008FFE43 /* SignupDobView.swift in Sources */ = {isa = PBXBuildFile; fileRef = 1EAC11482C930432008FFE43 /* SignupDobView.swift */; };
		1EAC114B2C93044D008FFE43 /* SignUpMobileView.swift in Sources */ = {isa = PBXBuildFile; fileRef = 1EAC114A2C93044D008FFE43 /* SignUpMobileView.swift */; };
		1EAC114D2C93045E008FFE43 /* SignupOtpView.swift in Sources */ = {isa = PBXBuildFile; fileRef = 1EAC114C2C93045D008FFE43 /* SignupOtpView.swift */; };
		1EAC114F2C930661008FFE43 /* ErrorView.swift in Sources */ = {isa = PBXBuildFile; fileRef = 1EAC114E2C930661008FFE43 /* ErrorView.swift */; };
		1EAD506F2C9038720010F705 /* LoginViewModifier.swift in Sources */ = {isa = PBXBuildFile; fileRef = 1EAD506E2C9038720010F705 /* LoginViewModifier.swift */; };
		1EAD50772C903E560010F705 /* LoginModel.swift in Sources */ = {isa = PBXBuildFile; fileRef = 1EAD50762C903E560010F705 /* LoginModel.swift */; };
		1EAD507A2C903FF60010F705 /* LoginModelProtocol.swift in Sources */ = {isa = PBXBuildFile; fileRef = 1EAD50792C903FF60010F705 /* LoginModelProtocol.swift */; };
		1EAD507C2C9042520010F705 /* LoginController.swift in Sources */ = {isa = PBXBuildFile; fileRef = 1EAD507B2C9042520010F705 /* LoginController.swift */; };
		1EAD507F2C90436D0010F705 /* HttpRequest.swift in Sources */ = {isa = PBXBuildFile; fileRef = 1EAD507E2C90436D0010F705 /* HttpRequest.swift */; };
		1EAD50822C90439A0010F705 /* HttpRequestModels.swift in Sources */ = {isa = PBXBuildFile; fileRef = 1EAD50812C90439A0010F705 /* HttpRequestModels.swift */; };
		1EAD50872C9051750010F705 /* Router.swift in Sources */ = {isa = PBXBuildFile; fileRef = 1EAD50862C9051750010F705 /* Router.swift */; };
		1EAD50892C9056FB0010F705 /* NavigationRouter.swift in Sources */ = {isa = PBXBuildFile; fileRef = 1EAD50882C9056FB0010F705 /* NavigationRouter.swift */; };
		1EAD508B2C9057610010F705 /* MainView.swift in Sources */ = {isa = PBXBuildFile; fileRef = 1EAD508A2C9057610010F705 /* MainView.swift */; };
		1EAD508E2C9058580010F705 /* SignupIdView.swift in Sources */ = {isa = PBXBuildFile; fileRef = 1EAD508D2C9058580010F705 /* SignupIdView.swift */; };
		1EAD50902C9058710010F705 /* HomeView.swift in Sources */ = {isa = PBXBuildFile; fileRef = 1EAD508F2C9058710010F705 /* HomeView.swift */; };
		1EAD50922C905C400010F705 /* SplashView.swift in Sources */ = {isa = PBXBuildFile; fileRef = 1EAD50912C905C400010F705 /* SplashView.swift */; };
		1EAD50942C905F080010F705 /* UserNavigation.swift in Sources */ = {isa = PBXBuildFile; fileRef = 1EAD50932C905F080010F705 /* UserNavigation.swift */; };
		1EAD50962C9060FB0010F705 /* TabView.swift in Sources */ = {isa = PBXBuildFile; fileRef = 1EAD50952C9060FB0010F705 /* TabView.swift */; };
		1EAD50992C9066290010F705 /* UserCacheImages.xcdatamodeld in Sources */ = {isa = PBXBuildFile; fileRef = 1EAD50972C9066290010F705 /* UserCacheImages.xcdatamodeld */; };
		1EAD509C2C90681A0010F705 /* UserAuth.swift in Sources */ = {isa = PBXBuildFile; fileRef = 1EAD509B2C90681A0010F705 /* UserAuth.swift */; };
		1EAD50A12C9078450010F705 /* UserInfomationManager.swift in Sources */ = {isa = PBXBuildFile; fileRef = 1EAD50A02C9078450010F705 /* UserInfomationManager.swift */; };
		1EAD50A32C9078C60010F705 /* Protocols.swift in Sources */ = {isa = PBXBuildFile; fileRef = 1EAD50A22C9078C60010F705 /* Protocols.swift */; };
		1EAD50A52C9085410010F705 /* LoginSignupModels.swift in Sources */ = {isa = PBXBuildFile; fileRef = 1EAD50A42C9085410010F705 /* LoginSignupModels.swift */; };
		1EAD50A72C908E780010F705 /* ToastView.swift in Sources */ = {isa = PBXBuildFile; fileRef = 1EAD50A62C908E780010F705 /* ToastView.swift */; };
		1ED18CB62C982BA900C5EE2E /* HospitalsViewModifier.swift in Sources */ = {isa = PBXBuildFile; fileRef = 1ED18CB52C982BA900C5EE2E /* HospitalsViewModifier.swift */; };
		1ED18CB82C982CDF00C5EE2E /* LocationService.swift in Sources */ = {isa = PBXBuildFile; fileRef = 1ED18CB72C982CDF00C5EE2E /* LocationService.swift */; };
		1ED18CBA2C982D2700C5EE2E /* NeverGeocoder.swift in Sources */ = {isa = PBXBuildFile; fileRef = 1ED18CB92C982D2700C5EE2E /* NeverGeocoder.swift */; };
		1ED18CBD2C98320D00C5EE2E /* Department.swift in Sources */ = {isa = PBXBuildFile; fileRef = 1ED18CBC2C98320D00C5EE2E /* Department.swift */; };
		1ED18CBF2C9832EB00C5EE2E /* HospitalListMainViewModel.swift in Sources */ = {isa = PBXBuildFile; fileRef = 1ED18CBE2C9832EB00C5EE2E /* HospitalListMainViewModel.swift */; };
		1ED18CC12C9833D500C5EE2E /* departmentChooseSheetView.swift in Sources */ = {isa = PBXBuildFile; fileRef = 1ED18CC02C9833D500C5EE2E /* departmentChooseSheetView.swift */; };
		1ED18CC32C98463700C5EE2E /* HospitalListControlView.swift in Sources */ = {isa = PBXBuildFile; fileRef = 1ED18CC22C98463700C5EE2E /* HospitalListControlView.swift */; };
		1ED18CC52C9850E200C5EE2E /* Hospitals.swift in Sources */ = {isa = PBXBuildFile; fileRef = 1ED18CC42C9850E200C5EE2E /* Hospitals.swift */; };
		1ED18CC72C98655C00C5EE2E /* HospitalListCache.swift in Sources */ = {isa = PBXBuildFile; fileRef = 1ED18CC62C98655C00C5EE2E /* HospitalListCache.swift */; };
		1ED5B2932C958535000DE60B /* AccountView.swift in Sources */ = {isa = PBXBuildFile; fileRef = 1ED5B2922C958535000DE60B /* AccountView.swift */; };
		1ED5B2952C958543000DE60B /* MyHospitalView.swift in Sources */ = {isa = PBXBuildFile; fileRef = 1ED5B2942C958543000DE60B /* MyHospitalView.swift */; };
		1ED5B2982C9585E1000DE60B /* HomeViewModel.swift in Sources */ = {isa = PBXBuildFile; fileRef = 1ED5B2972C9585E1000DE60B /* HomeViewModel.swift */; };
		1ED5B29C2C958A05000DE60B /* CommonViewModifier.swift in Sources */ = {isa = PBXBuildFile; fileRef = 1ED5B29B2C958A05000DE60B /* CommonViewModifier.swift */; };
		1ED5B29F2C95A6CD000DE60B /* HomViewModifier.swift in Sources */ = {isa = PBXBuildFile; fileRef = 1ED5B29E2C95A6CD000DE60B /* HomViewModifier.swift */; };
		1ED5B2A22C95A893000DE60B /* HospitalListMain.swift in Sources */ = {isa = PBXBuildFile; fileRef = 1ED5B2A12C95A893000DE60B /* HospitalListMain.swift */; };
		1ED5B2A42C95A9DF000DE60B /* ErrorAlert.swift in Sources */ = {isa = PBXBuildFile; fileRef = 1ED5B2A32C95A9DF000DE60B /* ErrorAlert.swift */; };
/* End PBXBuildFile section */

/* Begin PBXContainerItemProxy section */
		1E38D36B2C90271E00BB344E /* PBXContainerItemProxy */ = {
			isa = PBXContainerItemProxy;
			containerPortal = 1E38D34D2C90271D00BB344E /* Project object */;
			proxyType = 1;
			remoteGlobalIDString = 1E38D3542C90271D00BB344E;
			remoteInfo = KpMedicalWallet;
		};
		1E38D3752C90271E00BB344E /* PBXContainerItemProxy */ = {
			isa = PBXContainerItemProxy;
			containerPortal = 1E38D34D2C90271D00BB344E /* Project object */;
			proxyType = 1;
			remoteGlobalIDString = 1E38D3542C90271D00BB344E;
			remoteInfo = KpMedicalWallet;
		};
/* End PBXContainerItemProxy section */

/* Begin PBXFileReference section */
		1E38D3552C90271D00BB344E /* KpMedicalWallet.app */ = {isa = PBXFileReference; explicitFileType = wrapper.application; includeInIndex = 0; path = KpMedicalWallet.app; sourceTree = BUILT_PRODUCTS_DIR; };
		1E38D3582C90271D00BB344E /* KpMedicalWalletApp.swift */ = {isa = PBXFileReference; lastKnownFileType = sourcecode.swift; path = KpMedicalWalletApp.swift; sourceTree = "<group>"; };
		1E38D35A2C90271D00BB344E /* ContentView.swift */ = {isa = PBXFileReference; lastKnownFileType = sourcecode.swift; path = ContentView.swift; sourceTree = "<group>"; };
		1E38D35C2C90271D00BB344E /* Assets.xcassets */ = {isa = PBXFileReference; lastKnownFileType = folder.assetcatalog; path = Assets.xcassets; sourceTree = "<group>"; };
		1E38D35F2C90271D00BB344E /* Preview Assets.xcassets */ = {isa = PBXFileReference; lastKnownFileType = folder.assetcatalog; path = "Preview Assets.xcassets"; sourceTree = "<group>"; };
		1E38D3612C90271D00BB344E /* Persistence.swift */ = {isa = PBXFileReference; lastKnownFileType = sourcecode.swift; path = Persistence.swift; sourceTree = "<group>"; };
		1E38D3642C90271D00BB344E /* KpMedicalWallet.xcdatamodel */ = {isa = PBXFileReference; lastKnownFileType = wrapper.xcdatamodel; path = KpMedicalWallet.xcdatamodel; sourceTree = "<group>"; };
		1E38D36A2C90271E00BB344E /* KpMedicalWalletTests.xctest */ = {isa = PBXFileReference; explicitFileType = wrapper.cfbundle; includeInIndex = 0; path = KpMedicalWalletTests.xctest; sourceTree = BUILT_PRODUCTS_DIR; };
		1E38D36E2C90271E00BB344E /* KpMedicalWalletTests.swift */ = {isa = PBXFileReference; lastKnownFileType = sourcecode.swift; path = KpMedicalWalletTests.swift; sourceTree = "<group>"; };
		1E38D3742C90271E00BB344E /* KpMedicalWalletUITests.xctest */ = {isa = PBXFileReference; explicitFileType = wrapper.cfbundle; includeInIndex = 0; path = KpMedicalWalletUITests.xctest; sourceTree = BUILT_PRODUCTS_DIR; };
		1E38D3782C90271E00BB344E /* KpMedicalWalletUITests.swift */ = {isa = PBXFileReference; lastKnownFileType = sourcecode.swift; path = KpMedicalWalletUITests.swift; sourceTree = "<group>"; };
		1E38D37A2C90271E00BB344E /* KpMedicalWalletUITestsLaunchTests.swift */ = {isa = PBXFileReference; lastKnownFileType = sourcecode.swift; path = KpMedicalWalletUITestsLaunchTests.swift; sourceTree = "<group>"; };
		1E38D3892C902D7D00BB344E /* LoginView.swift */ = {isa = PBXFileReference; lastKnownFileType = sourcecode.swift; path = LoginView.swift; sourceTree = "<group>"; };
		1E8FBC692C94267900B00909 /* DatePickerDialogView.swift */ = {isa = PBXFileReference; lastKnownFileType = sourcecode.swift; path = DatePickerDialogView.swift; sourceTree = "<group>"; };
		1E8FBC6B2C94835700B00909 /* SignupFinalView.swift */ = {isa = PBXFileReference; lastKnownFileType = sourcecode.swift; path = SignupFinalView.swift; sourceTree = "<group>"; };
		1E9136F72C91654C004F647E /* KpMedicalWallet.entitlements */ = {isa = PBXFileReference; lastKnownFileType = text.plist.entitlements; path = KpMedicalWallet.entitlements; sourceTree = "<group>"; };
		1E9136FB2C91669D004F647E /* GoogleService-Info.plist */ = {isa = PBXFileReference; fileEncoding = 4; lastKnownFileType = text.plist.xml; path = "GoogleService-Info.plist"; sourceTree = "<group>"; };
		1E9136FE2C9166F8004F647E /* FCMDelegate.swift */ = {isa = PBXFileReference; lastKnownFileType = sourcecode.swift; path = FCMDelegate.swift; sourceTree = "<group>"; };
		1E9137002C918E2A004F647E /* UserConfigVariable.swift */ = {isa = PBXFileReference; lastKnownFileType = sourcecode.swift; path = UserConfigVariable.swift; sourceTree = "<group>"; };
		1E9137042C91999B004F647E /* ErrorDefine.swift */ = {isa = PBXFileReference; lastKnownFileType = sourcecode.swift; path = ErrorDefine.swift; sourceTree = "<group>"; };
		1E9137082C91D828004F647E /* GlobalErrorHandler.swift */ = {isa = PBXFileReference; lastKnownFileType = sourcecode.swift; path = GlobalErrorHandler.swift; sourceTree = "<group>"; };
		1EAC112C2C92BA1E008FFE43 /* SginupAgreementView.swift */ = {isa = PBXFileReference; lastKnownFileType = sourcecode.swift; path = SginupAgreementView.swift; sourceTree = "<group>"; };
		1EAC112F2C92BB8D008FFE43 /* SigunUpModifiler.swift */ = {isa = PBXFileReference; lastKnownFileType = sourcecode.swift; path = SigunUpModifiler.swift; sourceTree = "<group>"; };
		1EAC11322C92CE62008FFE43 /* AgreementViewModel.swift */ = {isa = PBXFileReference; lastKnownFileType = sourcecode.swift; path = AgreementViewModel.swift; sourceTree = "<group>"; };
		1EAC11342C92D201008FFE43 /* Strings.plist */ = {isa = PBXFileReference; lastKnownFileType = text.plist.xml; path = Strings.plist; sourceTree = "<group>"; };
		1EAC11362C92D2FE008FFE43 /* PlistManager.swift */ = {isa = PBXFileReference; lastKnownFileType = sourcecode.swift; path = PlistManager.swift; sourceTree = "<group>"; };
		1EAC11382C92E8D6008FFE43 /* SignUpDataModel.swift */ = {isa = PBXFileReference; lastKnownFileType = sourcecode.swift; path = SignUpDataModel.swift; sourceTree = "<group>"; };
		1EAC113A2C92F3D6008FFE43 /* PasswordControl.swift */ = {isa = PBXFileReference; lastKnownFileType = sourcecode.swift; path = PasswordControl.swift; sourceTree = "<group>"; };
		1EAC113C2C92F3F8008FFE43 /* IdControl.swift */ = {isa = PBXFileReference; lastKnownFileType = sourcecode.swift; path = IdControl.swift; sourceTree = "<group>"; };
		1EAC113E2C92F41A008FFE43 /* OtpControl.swift */ = {isa = PBXFileReference; lastKnownFileType = sourcecode.swift; path = OtpControl.swift; sourceTree = "<group>"; };
		1EAC11402C92F459008FFE43 /* DobControl.swift */ = {isa = PBXFileReference; lastKnownFileType = sourcecode.swift; path = DobControl.swift; sourceTree = "<group>"; };
		1EAC11422C92F4AB008FFE43 /* PhoneNumberControl.swift */ = {isa = PBXFileReference; lastKnownFileType = sourcecode.swift; path = PhoneNumberControl.swift; sourceTree = "<group>"; };
		1EAC11442C9303F7008FFE43 /* SignupPasswordView.swift */ = {isa = PBXFileReference; lastKnownFileType = sourcecode.swift; path = SignupPasswordView.swift; sourceTree = "<group>"; };
		1EAC11482C930432008FFE43 /* SignupDobView.swift */ = {isa = PBXFileReference; lastKnownFileType = sourcecode.swift; path = SignupDobView.swift; sourceTree = "<group>"; };
		1EAC114A2C93044D008FFE43 /* SignUpMobileView.swift */ = {isa = PBXFileReference; lastKnownFileType = sourcecode.swift; path = SignUpMobileView.swift; sourceTree = "<group>"; };
		1EAC114C2C93045D008FFE43 /* SignupOtpView.swift */ = {isa = PBXFileReference; lastKnownFileType = sourcecode.swift; path = SignupOtpView.swift; sourceTree = "<group>"; };
		1EAC114E2C930661008FFE43 /* ErrorView.swift */ = {isa = PBXFileReference; lastKnownFileType = sourcecode.swift; path = ErrorView.swift; sourceTree = "<group>"; };
		1EAD506E2C9038720010F705 /* LoginViewModifier.swift */ = {isa = PBXFileReference; lastKnownFileType = sourcecode.swift; path = LoginViewModifier.swift; sourceTree = "<group>"; };
		1EAD50762C903E560010F705 /* LoginModel.swift */ = {isa = PBXFileReference; lastKnownFileType = sourcecode.swift; path = LoginModel.swift; sourceTree = "<group>"; };
		1EAD50792C903FF60010F705 /* LoginModelProtocol.swift */ = {isa = PBXFileReference; lastKnownFileType = sourcecode.swift; path = LoginModelProtocol.swift; sourceTree = "<group>"; };
		1EAD507B2C9042520010F705 /* LoginController.swift */ = {isa = PBXFileReference; lastKnownFileType = sourcecode.swift; path = LoginController.swift; sourceTree = "<group>"; };
		1EAD507E2C90436D0010F705 /* HttpRequest.swift */ = {isa = PBXFileReference; lastKnownFileType = sourcecode.swift; path = HttpRequest.swift; sourceTree = "<group>"; };
		1EAD50812C90439A0010F705 /* HttpRequestModels.swift */ = {isa = PBXFileReference; lastKnownFileType = sourcecode.swift; path = HttpRequestModels.swift; sourceTree = "<group>"; };
		1EAD50832C9043E10010F705 /* Config.xcconfig */ = {isa = PBXFileReference; lastKnownFileType = text.xcconfig; path = Config.xcconfig; sourceTree = "<group>"; };
		1EAD50842C904E5C0010F705 /* Info.plist */ = {isa = PBXFileReference; lastKnownFileType = text.plist; path = Info.plist; sourceTree = "<group>"; };
		1EAD50862C9051750010F705 /* Router.swift */ = {isa = PBXFileReference; lastKnownFileType = sourcecode.swift; path = Router.swift; sourceTree = "<group>"; };
		1EAD50882C9056FB0010F705 /* NavigationRouter.swift */ = {isa = PBXFileReference; lastKnownFileType = sourcecode.swift; path = NavigationRouter.swift; sourceTree = "<group>"; };
		1EAD508A2C9057610010F705 /* MainView.swift */ = {isa = PBXFileReference; lastKnownFileType = sourcecode.swift; path = MainView.swift; sourceTree = "<group>"; };
		1EAD508D2C9058580010F705 /* SignupIdView.swift */ = {isa = PBXFileReference; lastKnownFileType = sourcecode.swift; path = SignupIdView.swift; sourceTree = "<group>"; };
		1EAD508F2C9058710010F705 /* HomeView.swift */ = {isa = PBXFileReference; lastKnownFileType = sourcecode.swift; path = HomeView.swift; sourceTree = "<group>"; };
		1EAD50912C905C400010F705 /* SplashView.swift */ = {isa = PBXFileReference; lastKnownFileType = sourcecode.swift; path = SplashView.swift; sourceTree = "<group>"; };
		1EAD50932C905F080010F705 /* UserNavigation.swift */ = {isa = PBXFileReference; lastKnownFileType = sourcecode.swift; path = UserNavigation.swift; sourceTree = "<group>"; };
		1EAD50952C9060FB0010F705 /* TabView.swift */ = {isa = PBXFileReference; lastKnownFileType = sourcecode.swift; path = TabView.swift; sourceTree = "<group>"; };
		1EAD50982C9066290010F705 /* UserAuth.xcdatamodel */ = {isa = PBXFileReference; lastKnownFileType = wrapper.xcdatamodel; path = UserAuth.xcdatamodel; sourceTree = "<group>"; };
		1EAD509B2C90681A0010F705 /* UserAuth.swift */ = {isa = PBXFileReference; lastKnownFileType = sourcecode.swift; path = UserAuth.swift; sourceTree = "<group>"; };
		1EAD509E2C9069090010F705 /* UrlConfigVariable.swift */ = {isa = PBXFileReference; lastKnownFileType = sourcecode.swift; path = UrlConfigVariable.swift; sourceTree = "<group>"; };
		1EAD50A02C9078450010F705 /* UserInfomationManager.swift */ = {isa = PBXFileReference; lastKnownFileType = sourcecode.swift; path = UserInfomationManager.swift; sourceTree = "<group>"; };
		1EAD50A22C9078C60010F705 /* Protocols.swift */ = {isa = PBXFileReference; lastKnownFileType = sourcecode.swift; path = Protocols.swift; sourceTree = "<group>"; };
		1EAD50A42C9085410010F705 /* LoginSignupModels.swift */ = {isa = PBXFileReference; lastKnownFileType = sourcecode.swift; path = LoginSignupModels.swift; sourceTree = "<group>"; };
		1EAD50A62C908E780010F705 /* ToastView.swift */ = {isa = PBXFileReference; lastKnownFileType = sourcecode.swift; path = ToastView.swift; sourceTree = "<group>"; };
		1ED18CB52C982BA900C5EE2E /* HospitalsViewModifier.swift */ = {isa = PBXFileReference; lastKnownFileType = sourcecode.swift; path = HospitalsViewModifier.swift; sourceTree = "<group>"; };
		1ED18CB72C982CDF00C5EE2E /* LocationService.swift */ = {isa = PBXFileReference; lastKnownFileType = sourcecode.swift; path = LocationService.swift; sourceTree = "<group>"; };
		1ED18CB92C982D2700C5EE2E /* NeverGeocoder.swift */ = {isa = PBXFileReference; lastKnownFileType = sourcecode.swift; path = NeverGeocoder.swift; sourceTree = "<group>"; };
		1ED18CBC2C98320D00C5EE2E /* Department.swift */ = {isa = PBXFileReference; lastKnownFileType = sourcecode.swift; path = Department.swift; sourceTree = "<group>"; };
		1ED18CBE2C9832EB00C5EE2E /* HospitalListMainViewModel.swift */ = {isa = PBXFileReference; lastKnownFileType = sourcecode.swift; path = HospitalListMainViewModel.swift; sourceTree = "<group>"; };
		1ED18CC02C9833D500C5EE2E /* departmentChooseSheetView.swift */ = {isa = PBXFileReference; lastKnownFileType = sourcecode.swift; path = departmentChooseSheetView.swift; sourceTree = "<group>"; };
		1ED18CC22C98463700C5EE2E /* HospitalListControlView.swift */ = {isa = PBXFileReference; lastKnownFileType = sourcecode.swift; path = HospitalListControlView.swift; sourceTree = "<group>"; };
		1ED18CC42C9850E200C5EE2E /* Hospitals.swift */ = {isa = PBXFileReference; lastKnownFileType = sourcecode.swift; path = Hospitals.swift; sourceTree = "<group>"; };
		1ED18CC62C98655C00C5EE2E /* HospitalListCache.swift */ = {isa = PBXFileReference; lastKnownFileType = sourcecode.swift; path = HospitalListCache.swift; sourceTree = "<group>"; };
		1ED5B2922C958535000DE60B /* AccountView.swift */ = {isa = PBXFileReference; lastKnownFileType = sourcecode.swift; path = AccountView.swift; sourceTree = "<group>"; };
		1ED5B2942C958543000DE60B /* MyHospitalView.swift */ = {isa = PBXFileReference; lastKnownFileType = sourcecode.swift; path = MyHospitalView.swift; sourceTree = "<group>"; };
		1ED5B2972C9585E1000DE60B /* HomeViewModel.swift */ = {isa = PBXFileReference; lastKnownFileType = sourcecode.swift; path = HomeViewModel.swift; sourceTree = "<group>"; };
		1ED5B29B2C958A05000DE60B /* CommonViewModifier.swift */ = {isa = PBXFileReference; lastKnownFileType = sourcecode.swift; path = CommonViewModifier.swift; sourceTree = "<group>"; };
		1ED5B29E2C95A6CD000DE60B /* HomViewModifier.swift */ = {isa = PBXFileReference; lastKnownFileType = sourcecode.swift; path = HomViewModifier.swift; sourceTree = "<group>"; };
		1ED5B2A12C95A893000DE60B /* HospitalListMain.swift */ = {isa = PBXFileReference; lastKnownFileType = sourcecode.swift; path = HospitalListMain.swift; sourceTree = "<group>"; };
		1ED5B2A32C95A9DF000DE60B /* ErrorAlert.swift */ = {isa = PBXFileReference; lastKnownFileType = sourcecode.swift; path = ErrorAlert.swift; sourceTree = "<group>"; };
/* End PBXFileReference section */

/* Begin PBXFrameworksBuildPhase section */
		1E38D3522C90271D00BB344E /* Frameworks */ = {
			isa = PBXFrameworksBuildPhase;
			buildActionMask = 2147483647;
			files = (
				1E9136FA2C91667C004F647E /* FirebaseMessaging in Frameworks */,
			);
			runOnlyForDeploymentPostprocessing = 0;
		};
		1E38D3672C90271E00BB344E /* Frameworks */ = {
			isa = PBXFrameworksBuildPhase;
			buildActionMask = 2147483647;
			files = (
			);
			runOnlyForDeploymentPostprocessing = 0;
		};
		1E38D3712C90271E00BB344E /* Frameworks */ = {
			isa = PBXFrameworksBuildPhase;
			buildActionMask = 2147483647;
			files = (
			);
			runOnlyForDeploymentPostprocessing = 0;
		};
/* End PBXFrameworksBuildPhase section */

/* Begin PBXGroup section */
		1E38D34C2C90271D00BB344E = {
			isa = PBXGroup;
			children = (
				1E38D3572C90271D00BB344E /* KpMedicalWallet */,
				1E38D36D2C90271E00BB344E /* KpMedicalWalletTests */,
				1E38D3772C90271E00BB344E /* KpMedicalWalletUITests */,
				1E38D3562C90271D00BB344E /* Products */,
			);
			sourceTree = "<group>";
		};
		1E38D3562C90271D00BB344E /* Products */ = {
			isa = PBXGroup;
			children = (
				1E38D3552C90271D00BB344E /* KpMedicalWallet.app */,
				1E38D36A2C90271E00BB344E /* KpMedicalWalletTests.xctest */,
				1E38D3742C90271E00BB344E /* KpMedicalWalletUITests.xctest */,
			);
			name = Products;
			sourceTree = "<group>";
		};
		1E38D3572C90271D00BB344E /* KpMedicalWallet */ = {
			isa = PBXGroup;
			children = (
				1E9136FB2C91669D004F647E /* GoogleService-Info.plist */,
				1E9136F72C91654C004F647E /* KpMedicalWallet.entitlements */,
				1E9137062C91D795004F647E /* EnvClass */,
				1E9137032C91997F004F647E /* Error */,
				1E9136FD2C9166CE004F647E /* FCM */,
				1EAD509A2C9067FE0010F705 /* KeyChain */,
				1EAD50852C9051150010F705 /* Router */,
				1EAD507D2C9043210010F705 /* HttpRequestFunctionSet */,
				1EAD50742C903A560010F705 /* ViewModels */,
				1EAD50732C903A270010F705 /* Models */,
				1EAD50712C9039FA0010F705 /* Views */,
				1E38D3582C90271D00BB344E /* KpMedicalWalletApp.swift */,
				1E38D35A2C90271D00BB344E /* ContentView.swift */,
				1E38D35C2C90271D00BB344E /* Assets.xcassets */,
				1E38D3612C90271D00BB344E /* Persistence.swift */,
				1E38D3632C90271D00BB344E /* KpMedicalWallet.xcdatamodeld */,
				1E38D35E2C90271D00BB344E /* Preview Content */,
				1EAD50832C9043E10010F705 /* Config.xcconfig */,
				1EAD50842C904E5C0010F705 /* Info.plist */,
				1EAD50972C9066290010F705 /* UserCacheImages.xcdatamodeld */,
				1E9137002C918E2A004F647E /* UserConfigVariable.swift */,
				1EAD509E2C9069090010F705 /* UrlConfigVariable.swift */,
				1ED18CBC2C98320D00C5EE2E /* Department.swift */,
				1EAD50A22C9078C60010F705 /* Protocols.swift */,
				1EAC11362C92D2FE008FFE43 /* PlistManager.swift */,
				1EAC11342C92D201008FFE43 /* Strings.plist */,
			);
			path = KpMedicalWallet;
			sourceTree = "<group>";
		};
		1E38D35E2C90271D00BB344E /* Preview Content */ = {
			isa = PBXGroup;
			children = (
				1E38D35F2C90271D00BB344E /* Preview Assets.xcassets */,
			);
			path = "Preview Content";
			sourceTree = "<group>";
		};
		1E38D36D2C90271E00BB344E /* KpMedicalWalletTests */ = {
			isa = PBXGroup;
			children = (
				1E38D36E2C90271E00BB344E /* KpMedicalWalletTests.swift */,
			);
			path = KpMedicalWalletTests;
			sourceTree = "<group>";
		};
		1E38D3772C90271E00BB344E /* KpMedicalWalletUITests */ = {
			isa = PBXGroup;
			children = (
				1E38D3782C90271E00BB344E /* KpMedicalWalletUITests.swift */,
				1E38D37A2C90271E00BB344E /* KpMedicalWalletUITestsLaunchTests.swift */,
			);
			path = KpMedicalWalletUITests;
			sourceTree = "<group>";
		};
		1E9136FD2C9166CE004F647E /* FCM */ = {
			isa = PBXGroup;
			children = (
				1E9136FE2C9166F8004F647E /* FCMDelegate.swift */,
			);
			path = FCM;
			sourceTree = "<group>";
		};
		1E9137032C91997F004F647E /* Error */ = {
			isa = PBXGroup;
			children = (
				1E9137042C91999B004F647E /* ErrorDefine.swift */,
				1EAC114E2C930661008FFE43 /* ErrorView.swift */,
			);
			path = Error;
			sourceTree = "<group>";
		};
		1E9137062C91D795004F647E /* EnvClass */ = {
			isa = PBXGroup;
			children = (
				1EAD50882C9056FB0010F705 /* NavigationRouter.swift */,
				1EAD50A02C9078450010F705 /* UserInfomationManager.swift */,
				1E9137082C91D828004F647E /* GlobalErrorHandler.swift */,
			);
			path = EnvClass;
			sourceTree = "<group>";
		};
		1EAC112E2C92BB76008FFE43 /* SignUpModifiler */ = {
			isa = PBXGroup;
			children = (
				1EAC112F2C92BB8D008FFE43 /* SigunUpModifiler.swift */,
			);
			path = SignUpModifiler;
			sourceTree = "<group>";
		};
		1EAC11312C92CE29008FFE43 /* SignUp */ = {
			isa = PBXGroup;
			children = (
				1EAC113A2C92F3D6008FFE43 /* PasswordControl.swift */,
				1EAC113C2C92F3F8008FFE43 /* IdControl.swift */,
				1EAC11402C92F459008FFE43 /* DobControl.swift */,
				1EAC113E2C92F41A008FFE43 /* OtpControl.swift */,
				1EAC11422C92F4AB008FFE43 /* PhoneNumberControl.swift */,
				1EAC11322C92CE62008FFE43 /* AgreementViewModel.swift */,
				1EAC11382C92E8D6008FFE43 /* SignUpDataModel.swift */,
			);
			path = SignUp;
			sourceTree = "<group>";
		};
		1EAD506D2C9037C50010F705 /* LoginViewModifier */ = {
			isa = PBXGroup;
			children = (
				1EAD506E2C9038720010F705 /* LoginViewModifier.swift */,
			);
			path = LoginViewModifier;
			sourceTree = "<group>";
		};
		1EAD50712C9039FA0010F705 /* Views */ = {
			isa = PBXGroup;
			children = (
				1ED5B2992C9589D9000DE60B /* ViewModifier */,
				1ED5B2A02C95A869000DE60B /* HospitalList */,
				1ED5B2912C9579C3000DE60B /* Tap */,
				1EAD508C2C9058470010F705 /* SignUp */,
				1EAD50722C903A190010F705 /* Login */,
				1EAD508A2C9057610010F705 /* MainView.swift */,
				1EAD50912C905C400010F705 /* SplashView.swift */,
				1EAD50952C9060FB0010F705 /* TabView.swift */,
				1EAD50A62C908E780010F705 /* ToastView.swift */,
			);
			path = Views;
			sourceTree = "<group>";
		};
		1EAD50722C903A190010F705 /* Login */ = {
			isa = PBXGroup;
			children = (
				1EAD506D2C9037C50010F705 /* LoginViewModifier */,
				1E38D3892C902D7D00BB344E /* LoginView.swift */,
			);
			path = Login;
			sourceTree = "<group>";
		};
		1EAD50732C903A270010F705 /* Models */ = {
			isa = PBXGroup;
			children = (
				1EAD50A42C9085410010F705 /* LoginSignupModels.swift */,
				1ED18CC42C9850E200C5EE2E /* Hospitals.swift */,
			);
			path = Models;
			sourceTree = "<group>";
		};
		1EAD50742C903A560010F705 /* ViewModels */ = {
			isa = PBXGroup;
			children = (
				1ED18CBB2C982F7400C5EE2E /* Hospitals */,
				1ED5B2962C9585CC000DE60B /* Home */,
				1EAC11312C92CE29008FFE43 /* SignUp */,
				1EAD50752C903C370010F705 /* Login */,
				1ED18CB72C982CDF00C5EE2E /* LocationService.swift */,
			);
			path = ViewModels;
			sourceTree = "<group>";
		};
		1EAD50752C903C370010F705 /* Login */ = {
			isa = PBXGroup;
			children = (
				1EAD507B2C9042520010F705 /* LoginController.swift */,
				1EAD50762C903E560010F705 /* LoginModel.swift */,
				1EAD50782C903FE10010F705 /* LoginProtocols */,
			);
			path = Login;
			sourceTree = "<group>";
		};
		1EAD50782C903FE10010F705 /* LoginProtocols */ = {
			isa = PBXGroup;
			children = (
				1EAD50792C903FF60010F705 /* LoginModelProtocol.swift */,
			);
			path = LoginProtocols;
			sourceTree = "<group>";
		};
		1EAD507D2C9043210010F705 /* HttpRequestFunctionSet */ = {
			isa = PBXGroup;
			children = (
				1EAD50802C90438E0010F705 /* Model */,
				1EAD507E2C90436D0010F705 /* HttpRequest.swift */,
			);
			path = HttpRequestFunctionSet;
			sourceTree = "<group>";
		};
		1EAD50802C90438E0010F705 /* Model */ = {
			isa = PBXGroup;
			children = (
				1EAD50812C90439A0010F705 /* HttpRequestModels.swift */,
			);
			path = Model;
			sourceTree = "<group>";
		};
		1EAD50852C9051150010F705 /* Router */ = {
			isa = PBXGroup;
			children = (
				1EAD50862C9051750010F705 /* Router.swift */,
				1EAD50932C905F080010F705 /* UserNavigation.swift */,
			);
			path = Router;
			sourceTree = "<group>";
		};
		1EAD508C2C9058470010F705 /* SignUp */ = {
			isa = PBXGroup;
			children = (
				1EAC112C2C92BA1E008FFE43 /* SginupAgreementView.swift */,
				1EAD508D2C9058580010F705 /* SignupIdView.swift */,
				1EAC11442C9303F7008FFE43 /* SignupPasswordView.swift */,
				1EAC11482C930432008FFE43 /* SignupDobView.swift */,
				1EAC114A2C93044D008FFE43 /* SignUpMobileView.swift */,
				1EAC114C2C93045D008FFE43 /* SignupOtpView.swift */,
				1E8FBC692C94267900B00909 /* DatePickerDialogView.swift */,
				1E8FBC6B2C94835700B00909 /* SignupFinalView.swift */,
			);
			path = SignUp;
			sourceTree = "<group>";
		};
		1EAD509A2C9067FE0010F705 /* KeyChain */ = {
			isa = PBXGroup;
			children = (
				1EAD509B2C90681A0010F705 /* UserAuth.swift */,
			);
			path = KeyChain;
			sourceTree = "<group>";
		};
		1ED18CB42C982B8800C5EE2E /* Hospital */ = {
			isa = PBXGroup;
			children = (
				1ED18CB52C982BA900C5EE2E /* HospitalsViewModifier.swift */,
			);
			path = Hospital;
			sourceTree = "<group>";
		};
		1ED18CBB2C982F7400C5EE2E /* Hospitals */ = {
			isa = PBXGroup;
			children = (
				1ED18CB92C982D2700C5EE2E /* NeverGeocoder.swift */,
				1ED18CBE2C9832EB00C5EE2E /* HospitalListMainViewModel.swift */,
				1ED18CC62C98655C00C5EE2E /* HospitalListCache.swift */,
			);
			path = Hospitals;
			sourceTree = "<group>";
		};
		1ED5B2912C9579C3000DE60B /* Tap */ = {
			isa = PBXGroup;
			children = (
				1EAD508F2C9058710010F705 /* HomeView.swift */,
				1ED5B2922C958535000DE60B /* AccountView.swift */,
				1ED5B2942C958543000DE60B /* MyHospitalView.swift */,
			);
			path = Tap;
			sourceTree = "<group>";
		};
		1ED5B2962C9585CC000DE60B /* Home */ = {
			isa = PBXGroup;
			children = (
				1ED5B2972C9585E1000DE60B /* HomeViewModel.swift */,
			);
			path = Home;
			sourceTree = "<group>";
		};
		1ED5B2992C9589D9000DE60B /* ViewModifier */ = {
			isa = PBXGroup;
			children = (
				1ED18CB42C982B8800C5EE2E /* Hospital */,
				1ED5B29D2C95A6B6000DE60B /* HomeViewModifier */,
				1ED5B29A2C9589F2000DE60B /* Common */,
				1EAC112E2C92BB76008FFE43 /* SignUpModifiler */,
				1ED5B2A32C95A9DF000DE60B /* ErrorAlert.swift */,
			);
			path = ViewModifier;
			sourceTree = "<group>";
		};
		1ED5B29A2C9589F2000DE60B /* Common */ = {
			isa = PBXGroup;
			children = (
				1ED5B29B2C958A05000DE60B /* CommonViewModifier.swift */,
			);
			path = Common;
			sourceTree = "<group>";
		};
		1ED5B29D2C95A6B6000DE60B /* HomeViewModifier */ = {
			isa = PBXGroup;
			children = (
				1ED5B29E2C95A6CD000DE60B /* HomViewModifier.swift */,
			);
			path = HomeViewModifier;
			sourceTree = "<group>";
		};
		1ED5B2A02C95A869000DE60B /* HospitalList */ = {
			isa = PBXGroup;
			children = (
				1ED5B2A12C95A893000DE60B /* HospitalListMain.swift */,
				1ED18CC02C9833D500C5EE2E /* departmentChooseSheetView.swift */,
				1ED18CC22C98463700C5EE2E /* HospitalListControlView.swift */,
			);
			path = HospitalList;
			sourceTree = "<group>";
		};
/* End PBXGroup section */

/* Begin PBXNativeTarget section */
		1E38D3542C90271D00BB344E /* KpMedicalWallet */ = {
			isa = PBXNativeTarget;
			buildConfigurationList = 1E38D37E2C90271E00BB344E /* Build configuration list for PBXNativeTarget "KpMedicalWallet" */;
			buildPhases = (
				1E38D3512C90271D00BB344E /* Sources */,
				1E38D3522C90271D00BB344E /* Frameworks */,
				1E38D3532C90271D00BB344E /* Resources */,
			);
			buildRules = (
			);
			dependencies = (
			);
			name = KpMedicalWallet;
			packageProductDependencies = (
				1E9136F92C91667C004F647E /* FirebaseMessaging */,
			);
			productName = KpMedicalWallet;
			productReference = 1E38D3552C90271D00BB344E /* KpMedicalWallet.app */;
			productType = "com.apple.product-type.application";
		};
		1E38D3692C90271E00BB344E /* KpMedicalWalletTests */ = {
			isa = PBXNativeTarget;
			buildConfigurationList = 1E38D3812C90271E00BB344E /* Build configuration list for PBXNativeTarget "KpMedicalWalletTests" */;
			buildPhases = (
				1E38D3662C90271E00BB344E /* Sources */,
				1E38D3672C90271E00BB344E /* Frameworks */,
				1E38D3682C90271E00BB344E /* Resources */,
			);
			buildRules = (
			);
			dependencies = (
				1E38D36C2C90271E00BB344E /* PBXTargetDependency */,
			);
			name = KpMedicalWalletTests;
			productName = KpMedicalWalletTests;
			productReference = 1E38D36A2C90271E00BB344E /* KpMedicalWalletTests.xctest */;
			productType = "com.apple.product-type.bundle.unit-test";
		};
		1E38D3732C90271E00BB344E /* KpMedicalWalletUITests */ = {
			isa = PBXNativeTarget;
			buildConfigurationList = 1E38D3842C90271E00BB344E /* Build configuration list for PBXNativeTarget "KpMedicalWalletUITests" */;
			buildPhases = (
				1E38D3702C90271E00BB344E /* Sources */,
				1E38D3712C90271E00BB344E /* Frameworks */,
				1E38D3722C90271E00BB344E /* Resources */,
			);
			buildRules = (
			);
			dependencies = (
				1E38D3762C90271E00BB344E /* PBXTargetDependency */,
			);
			name = KpMedicalWalletUITests;
			productName = KpMedicalWalletUITests;
			productReference = 1E38D3742C90271E00BB344E /* KpMedicalWalletUITests.xctest */;
			productType = "com.apple.product-type.bundle.ui-testing";
		};
/* End PBXNativeTarget section */

/* Begin PBXProject section */
		1E38D34D2C90271D00BB344E /* Project object */ = {
			isa = PBXProject;
			attributes = {
				BuildIndependentTargetsInParallel = 1;
				LastSwiftUpdateCheck = 1540;
				LastUpgradeCheck = 1540;
				TargetAttributes = {
					1E38D3542C90271D00BB344E = {
						CreatedOnToolsVersion = 15.4;
					};
					1E38D3692C90271E00BB344E = {
						CreatedOnToolsVersion = 15.4;
						TestTargetID = 1E38D3542C90271D00BB344E;
					};
					1E38D3732C90271E00BB344E = {
						CreatedOnToolsVersion = 15.4;
						TestTargetID = 1E38D3542C90271D00BB344E;
					};
				};
			};
			buildConfigurationList = 1E38D3502C90271D00BB344E /* Build configuration list for PBXProject "KpMedicalWallet" */;
			compatibilityVersion = "Xcode 14.0";
			developmentRegion = en;
			hasScannedForEncodings = 0;
			knownRegions = (
				en,
				Base,
			);
			mainGroup = 1E38D34C2C90271D00BB344E;
			packageReferences = (
				1E9136F82C91667C004F647E /* XCRemoteSwiftPackageReference "firebase-ios-sdk" */,
			);
			productRefGroup = 1E38D3562C90271D00BB344E /* Products */;
			projectDirPath = "";
			projectRoot = "";
			targets = (
				1E38D3542C90271D00BB344E /* KpMedicalWallet */,
				1E38D3692C90271E00BB344E /* KpMedicalWalletTests */,
				1E38D3732C90271E00BB344E /* KpMedicalWalletUITests */,
			);
		};
/* End PBXProject section */

/* Begin PBXResourcesBuildPhase section */
		1E38D3532C90271D00BB344E /* Resources */ = {
			isa = PBXResourcesBuildPhase;
			buildActionMask = 2147483647;
			files = (
				1E38D3602C90271D00BB344E /* Preview Assets.xcassets in Resources */,
				1E9136FC2C91669D004F647E /* GoogleService-Info.plist in Resources */,
				1EAC11352C92D201008FFE43 /* Strings.plist in Resources */,
				1E38D35D2C90271D00BB344E /* Assets.xcassets in Resources */,
			);
			runOnlyForDeploymentPostprocessing = 0;
		};
		1E38D3682C90271E00BB344E /* Resources */ = {
			isa = PBXResourcesBuildPhase;
			buildActionMask = 2147483647;
			files = (
			);
			runOnlyForDeploymentPostprocessing = 0;
		};
		1E38D3722C90271E00BB344E /* Resources */ = {
			isa = PBXResourcesBuildPhase;
			buildActionMask = 2147483647;
			files = (
			);
			runOnlyForDeploymentPostprocessing = 0;
		};
/* End PBXResourcesBuildPhase section */

/* Begin PBXSourcesBuildPhase section */
		1E38D3512C90271D00BB344E /* Sources */ = {
			isa = PBXSourcesBuildPhase;
			buildActionMask = 2147483647;
			files = (
				1E38D3622C90271D00BB344E /* Persistence.swift in Sources */,
				1EAC112D2C92BA1E008FFE43 /* SginupAgreementView.swift in Sources */,
				1ED18CBD2C98320D00C5EE2E /* Department.swift in Sources */,
				1EAD508E2C9058580010F705 /* SignupIdView.swift in Sources */,
				1ED5B2982C9585E1000DE60B /* HomeViewModel.swift in Sources */,
				1E9137092C91D828004F647E /* GlobalErrorHandler.swift in Sources */,
				1EAD50922C905C400010F705 /* SplashView.swift in Sources */,
				1ED5B2A22C95A893000DE60B /* HospitalListMain.swift in Sources */,
				1EAD50A52C9085410010F705 /* LoginSignupModels.swift in Sources */,
				1EAC11372C92D2FE008FFE43 /* PlistManager.swift in Sources */,
				1EAD508B2C9057610010F705 /* MainView.swift in Sources */,
				1EAD50822C90439A0010F705 /* HttpRequestModels.swift in Sources */,
				1E9137012C918E2A004F647E /* UserConfigVariable.swift in Sources */,
				1E8FBC6A2C94267900B00909 /* DatePickerDialogView.swift in Sources */,
				1ED5B2A42C95A9DF000DE60B /* ErrorAlert.swift in Sources */,
				1EAD507F2C90436D0010F705 /* HttpRequest.swift in Sources */,
				1EAD509C2C90681A0010F705 /* UserAuth.swift in Sources */,
				1E9136FF2C9166F8004F647E /* FCMDelegate.swift in Sources */,
				1EAC11332C92CE62008FFE43 /* AgreementViewModel.swift in Sources */,
				1E38D35B2C90271D00BB344E /* ContentView.swift in Sources */,
				1EAD50872C9051750010F705 /* Router.swift in Sources */,
				1EAD50942C905F080010F705 /* UserNavigation.swift in Sources */,
				1EAC11452C9303F7008FFE43 /* SignupPasswordView.swift in Sources */,
				1ED18CC52C9850E200C5EE2E /* Hospitals.swift in Sources */,
				1ED18CBF2C9832EB00C5EE2E /* HospitalListMainViewModel.swift in Sources */,
				1EAD506F2C9038720010F705 /* LoginViewModifier.swift in Sources */,
				1E91370B2C91DDAA004F647E /* UrlConfigVariable.swift in Sources */,
				1EAD50992C9066290010F705 /* UserCacheImages.xcdatamodeld in Sources */,
				1EAC11302C92BB8D008FFE43 /* SigunUpModifiler.swift in Sources */,
				1E38D3592C90271D00BB344E /* KpMedicalWalletApp.swift in Sources */,
				1EAC114B2C93044D008FFE43 /* SignUpMobileView.swift in Sources */,
				1ED18CBA2C982D2700C5EE2E /* NeverGeocoder.swift in Sources */,
				1EAD507C2C9042520010F705 /* LoginController.swift in Sources */,
				1EAC114F2C930661008FFE43 /* ErrorView.swift in Sources */,
				1EAD50A32C9078C60010F705 /* Protocols.swift in Sources */,
				1E9137052C91999B004F647E /* ErrorDefine.swift in Sources */,
				1EAC11412C92F459008FFE43 /* DobControl.swift in Sources */,
				1E38D38A2C902D7D00BB344E /* LoginView.swift in Sources */,
				1E38D3652C90271D00BB344E /* KpMedicalWallet.xcdatamodeld in Sources */,
				1E8FBC6C2C94835700B00909 /* SignupFinalView.swift in Sources */,
				1EAC113F2C92F41A008FFE43 /* OtpControl.swift in Sources */,
				1ED18CC32C98463700C5EE2E /* HospitalListControlView.swift in Sources */,
				1EAD50892C9056FB0010F705 /* NavigationRouter.swift in Sources */,
				1EAD50A72C908E780010F705 /* ToastView.swift in Sources */,
				1ED5B2932C958535000DE60B /* AccountView.swift in Sources */,
				1ED18CC12C9833D500C5EE2E /* departmentChooseSheetView.swift in Sources */,
				1EAC113D2C92F3F8008FFE43 /* IdControl.swift in Sources */,
				1EAC11392C92E8D6008FFE43 /* SignUpDataModel.swift in Sources */,
				1ED18CB82C982CDF00C5EE2E /* LocationService.swift in Sources */,
				1EAC11492C930432008FFE43 /* SignupDobView.swift in Sources */,
				1EAD50902C9058710010F705 /* HomeView.swift in Sources */,
				1ED5B29F2C95A6CD000DE60B /* HomViewModifier.swift in Sources */,
				1EAD50772C903E560010F705 /* LoginModel.swift in Sources */,
				1EAC113B2C92F3D6008FFE43 /* PasswordControl.swift in Sources */,
				1EAD507A2C903FF60010F705 /* LoginModelProtocol.swift in Sources */,
				1ED18CB62C982BA900C5EE2E /* HospitalsViewModifier.swift in Sources */,
				1EAD50962C9060FB0010F705 /* TabView.swift in Sources */,
				1EAD50A12C9078450010F705 /* UserInfomationManager.swift in Sources */,
				1EAC114D2C93045E008FFE43 /* SignupOtpView.swift in Sources */,
				1ED5B29C2C958A05000DE60B /* CommonViewModifier.swift in Sources */,
				1EAC11432C92F4AB008FFE43 /* PhoneNumberControl.swift in Sources */,
				1ED5B2952C958543000DE60B /* MyHospitalView.swift in Sources */,
				1ED18CC72C98655C00C5EE2E /* HospitalListCache.swift in Sources */,
			);
			runOnlyForDeploymentPostprocessing = 0;
		};
		1E38D3662C90271E00BB344E /* Sources */ = {
			isa = PBXSourcesBuildPhase;
			buildActionMask = 2147483647;
			files = (
				1E38D36F2C90271E00BB344E /* KpMedicalWalletTests.swift in Sources */,
			);
			runOnlyForDeploymentPostprocessing = 0;
		};
		1E38D3702C90271E00BB344E /* Sources */ = {
			isa = PBXSourcesBuildPhase;
			buildActionMask = 2147483647;
			files = (
				1E38D37B2C90271E00BB344E /* KpMedicalWalletUITestsLaunchTests.swift in Sources */,
				1E38D3792C90271E00BB344E /* KpMedicalWalletUITests.swift in Sources */,
			);
			runOnlyForDeploymentPostprocessing = 0;
		};
/* End PBXSourcesBuildPhase section */

/* Begin PBXTargetDependency section */
		1E38D36C2C90271E00BB344E /* PBXTargetDependency */ = {
			isa = PBXTargetDependency;
			target = 1E38D3542C90271D00BB344E /* KpMedicalWallet */;
			targetProxy = 1E38D36B2C90271E00BB344E /* PBXContainerItemProxy */;
		};
		1E38D3762C90271E00BB344E /* PBXTargetDependency */ = {
			isa = PBXTargetDependency;
			target = 1E38D3542C90271D00BB344E /* KpMedicalWallet */;
			targetProxy = 1E38D3752C90271E00BB344E /* PBXContainerItemProxy */;
		};
/* End PBXTargetDependency section */

/* Begin XCBuildConfiguration section */
		1E38D37C2C90271E00BB344E /* Debug */ = {
			isa = XCBuildConfiguration;
			baseConfigurationReference = 1EAD50832C9043E10010F705 /* Config.xcconfig */;
			buildSettings = {
				ALWAYS_SEARCH_USER_PATHS = NO;
				ASSETCATALOG_COMPILER_GENERATE_SWIFT_ASSET_SYMBOL_EXTENSIONS = YES;
				CLANG_ANALYZER_NONNULL = YES;
				CLANG_ANALYZER_NUMBER_OBJECT_CONVERSION = YES_AGGRESSIVE;
				CLANG_CXX_LANGUAGE_STANDARD = "gnu++20";
				CLANG_ENABLE_MODULES = YES;
				CLANG_ENABLE_OBJC_ARC = YES;
				CLANG_ENABLE_OBJC_WEAK = YES;
				CLANG_WARN_BLOCK_CAPTURE_AUTORELEASING = YES;
				CLANG_WARN_BOOL_CONVERSION = YES;
				CLANG_WARN_COMMA = YES;
				CLANG_WARN_CONSTANT_CONVERSION = YES;
				CLANG_WARN_DEPRECATED_OBJC_IMPLEMENTATIONS = YES;
				CLANG_WARN_DIRECT_OBJC_ISA_USAGE = YES_ERROR;
				CLANG_WARN_DOCUMENTATION_COMMENTS = YES;
				CLANG_WARN_EMPTY_BODY = YES;
				CLANG_WARN_ENUM_CONVERSION = YES;
				CLANG_WARN_INFINITE_RECURSION = YES;
				CLANG_WARN_INT_CONVERSION = YES;
				CLANG_WARN_NON_LITERAL_NULL_CONVERSION = YES;
				CLANG_WARN_OBJC_IMPLICIT_RETAIN_SELF = YES;
				CLANG_WARN_OBJC_LITERAL_CONVERSION = YES;
				CLANG_WARN_OBJC_ROOT_CLASS = YES_ERROR;
				CLANG_WARN_QUOTED_INCLUDE_IN_FRAMEWORK_HEADER = YES;
				CLANG_WARN_RANGE_LOOP_ANALYSIS = YES;
				CLANG_WARN_STRICT_PROTOTYPES = YES;
				CLANG_WARN_SUSPICIOUS_MOVE = YES;
				CLANG_WARN_UNGUARDED_AVAILABILITY = YES_AGGRESSIVE;
				CLANG_WARN_UNREACHABLE_CODE = YES;
				CLANG_WARN__DUPLICATE_METHOD_MATCH = YES;
				COPY_PHASE_STRIP = NO;
				DEBUG_INFORMATION_FORMAT = dwarf;
				ENABLE_STRICT_OBJC_MSGSEND = YES;
				ENABLE_TESTABILITY = YES;
				ENABLE_USER_SCRIPT_SANDBOXING = YES;
				GCC_C_LANGUAGE_STANDARD = gnu17;
				GCC_DYNAMIC_NO_PIC = NO;
				GCC_NO_COMMON_BLOCKS = YES;
				GCC_OPTIMIZATION_LEVEL = 0;
				GCC_PREPROCESSOR_DEFINITIONS = (
					"DEBUG=1",
					"$(inherited)",
				);
				GCC_WARN_64_TO_32_BIT_CONVERSION = YES;
				GCC_WARN_ABOUT_RETURN_TYPE = YES_ERROR;
				GCC_WARN_UNDECLARED_SELECTOR = YES;
				GCC_WARN_UNINITIALIZED_AUTOS = YES_AGGRESSIVE;
				GCC_WARN_UNUSED_FUNCTION = YES;
				GCC_WARN_UNUSED_VARIABLE = YES;
				IPHONEOS_DEPLOYMENT_TARGET = 17.5;
				LOCALIZATION_PREFERS_STRING_CATALOGS = YES;
				MTL_ENABLE_DEBUG_INFO = INCLUDE_SOURCE;
				MTL_FAST_MATH = YES;
				ONLY_ACTIVE_ARCH = YES;
				SDKROOT = iphoneos;
				SWIFT_ACTIVE_COMPILATION_CONDITIONS = "DEBUG $(inherited)";
				SWIFT_OPTIMIZATION_LEVEL = "-Onone";
			};
			name = Debug;
		};
		1E38D37D2C90271E00BB344E /* Release */ = {
			isa = XCBuildConfiguration;
			baseConfigurationReference = 1EAD50832C9043E10010F705 /* Config.xcconfig */;
			buildSettings = {
				ALWAYS_SEARCH_USER_PATHS = NO;
				ASSETCATALOG_COMPILER_GENERATE_SWIFT_ASSET_SYMBOL_EXTENSIONS = YES;
				CLANG_ANALYZER_NONNULL = YES;
				CLANG_ANALYZER_NUMBER_OBJECT_CONVERSION = YES_AGGRESSIVE;
				CLANG_CXX_LANGUAGE_STANDARD = "gnu++20";
				CLANG_ENABLE_MODULES = YES;
				CLANG_ENABLE_OBJC_ARC = YES;
				CLANG_ENABLE_OBJC_WEAK = YES;
				CLANG_WARN_BLOCK_CAPTURE_AUTORELEASING = YES;
				CLANG_WARN_BOOL_CONVERSION = YES;
				CLANG_WARN_COMMA = YES;
				CLANG_WARN_CONSTANT_CONVERSION = YES;
				CLANG_WARN_DEPRECATED_OBJC_IMPLEMENTATIONS = YES;
				CLANG_WARN_DIRECT_OBJC_ISA_USAGE = YES_ERROR;
				CLANG_WARN_DOCUMENTATION_COMMENTS = YES;
				CLANG_WARN_EMPTY_BODY = YES;
				CLANG_WARN_ENUM_CONVERSION = YES;
				CLANG_WARN_INFINITE_RECURSION = YES;
				CLANG_WARN_INT_CONVERSION = YES;
				CLANG_WARN_NON_LITERAL_NULL_CONVERSION = YES;
				CLANG_WARN_OBJC_IMPLICIT_RETAIN_SELF = YES;
				CLANG_WARN_OBJC_LITERAL_CONVERSION = YES;
				CLANG_WARN_OBJC_ROOT_CLASS = YES_ERROR;
				CLANG_WARN_QUOTED_INCLUDE_IN_FRAMEWORK_HEADER = YES;
				CLANG_WARN_RANGE_LOOP_ANALYSIS = YES;
				CLANG_WARN_STRICT_PROTOTYPES = YES;
				CLANG_WARN_SUSPICIOUS_MOVE = YES;
				CLANG_WARN_UNGUARDED_AVAILABILITY = YES_AGGRESSIVE;
				CLANG_WARN_UNREACHABLE_CODE = YES;
				CLANG_WARN__DUPLICATE_METHOD_MATCH = YES;
				COPY_PHASE_STRIP = NO;
				DEBUG_INFORMATION_FORMAT = "dwarf-with-dsym";
				ENABLE_NS_ASSERTIONS = NO;
				ENABLE_STRICT_OBJC_MSGSEND = YES;
				ENABLE_USER_SCRIPT_SANDBOXING = YES;
				GCC_C_LANGUAGE_STANDARD = gnu17;
				GCC_NO_COMMON_BLOCKS = YES;
				GCC_WARN_64_TO_32_BIT_CONVERSION = YES;
				GCC_WARN_ABOUT_RETURN_TYPE = YES_ERROR;
				GCC_WARN_UNDECLARED_SELECTOR = YES;
				GCC_WARN_UNINITIALIZED_AUTOS = YES_AGGRESSIVE;
				GCC_WARN_UNUSED_FUNCTION = YES;
				GCC_WARN_UNUSED_VARIABLE = YES;
				IPHONEOS_DEPLOYMENT_TARGET = 17.5;
				LOCALIZATION_PREFERS_STRING_CATALOGS = YES;
				MTL_ENABLE_DEBUG_INFO = NO;
				MTL_FAST_MATH = YES;
				SDKROOT = iphoneos;
				SWIFT_COMPILATION_MODE = wholemodule;
				VALIDATE_PRODUCT = YES;
			};
			name = Release;
		};
		1E38D37F2C90271E00BB344E /* Debug */ = {
			isa = XCBuildConfiguration;
			buildSettings = {
				ASSETCATALOG_COMPILER_APPICON_NAME = AppIcon;
				ASSETCATALOG_COMPILER_GLOBAL_ACCENT_COLOR_NAME = AccentColor;
				CODE_SIGN_ENTITLEMENTS = KpMedicalWallet/KpMedicalWallet.entitlements;
				CODE_SIGN_STYLE = Automatic;
				CURRENT_PROJECT_VERSION = 1;
				DEVELOPMENT_ASSET_PATHS = "\"KpMedicalWallet/Preview Content\"";
				DEVELOPMENT_TEAM = N762C9YWP9;
				ENABLE_PREVIEWS = YES;
				GENERATE_INFOPLIST_FILE = YES;
				INFOPLIST_FILE = KpMedicalWallet/Info.plist;
				INFOPLIST_KEY_LSApplicationCategoryType = "";
				INFOPLIST_KEY_NSLocationAlwaysAndWhenInUseUsageDescription = "위치 권한 요청";
				INFOPLIST_KEY_NSLocationWhenInUseUsageDescription = "위치 권한 요청";
				INFOPLIST_KEY_UIApplicationSceneManifest_Generation = YES;
				INFOPLIST_KEY_UIApplicationSupportsIndirectInputEvents = YES;
				INFOPLIST_KEY_UILaunchScreen_Generation = YES;
				INFOPLIST_KEY_UISupportedInterfaceOrientations_iPad = "UIInterfaceOrientationPortrait UIInterfaceOrientationPortraitUpsideDown UIInterfaceOrientationLandscapeLeft UIInterfaceOrientationLandscapeRight";
				INFOPLIST_KEY_UISupportedInterfaceOrientations_iPhone = "UIInterfaceOrientationPortrait UIInterfaceOrientationLandscapeLeft UIInterfaceOrientationLandscapeRight";
				LD_RUNPATH_SEARCH_PATHS = (
					"$(inherited)",
					"@executable_path/Frameworks",
				);
				MARKETING_VERSION = 1.0;
				PRODUCT_BUNDLE_IDENTIFIER = com.Kpm.KpMedicalWallet;
				PRODUCT_NAME = "$(TARGET_NAME)";
				SWIFT_EMIT_LOC_STRINGS = YES;
				SWIFT_VERSION = 5.0;
				TARGETED_DEVICE_FAMILY = "1,2";
			};
			name = Debug;
		};
		1E38D3802C90271E00BB344E /* Release */ = {
			isa = XCBuildConfiguration;
			buildSettings = {
				ASSETCATALOG_COMPILER_APPICON_NAME = AppIcon;
				ASSETCATALOG_COMPILER_GLOBAL_ACCENT_COLOR_NAME = AccentColor;
				CODE_SIGN_ENTITLEMENTS = KpMedicalWallet/KpMedicalWallet.entitlements;
				CODE_SIGN_STYLE = Automatic;
				CURRENT_PROJECT_VERSION = 1;
				DEVELOPMENT_ASSET_PATHS = "\"KpMedicalWallet/Preview Content\"";
				DEVELOPMENT_TEAM = N762C9YWP9;
				ENABLE_PREVIEWS = YES;
				GENERATE_INFOPLIST_FILE = YES;
				INFOPLIST_FILE = KpMedicalWallet/Info.plist;
				INFOPLIST_KEY_LSApplicationCategoryType = "";
				INFOPLIST_KEY_NSLocationAlwaysAndWhenInUseUsageDescription = "위치 권한 요청";
				INFOPLIST_KEY_NSLocationWhenInUseUsageDescription = "위치 권한 요청";
				INFOPLIST_KEY_UIApplicationSceneManifest_Generation = YES;
				INFOPLIST_KEY_UIApplicationSupportsIndirectInputEvents = YES;
				INFOPLIST_KEY_UILaunchScreen_Generation = YES;
				INFOPLIST_KEY_UISupportedInterfaceOrientations_iPad = "UIInterfaceOrientationPortrait UIInterfaceOrientationPortraitUpsideDown UIInterfaceOrientationLandscapeLeft UIInterfaceOrientationLandscapeRight";
				INFOPLIST_KEY_UISupportedInterfaceOrientations_iPhone = "UIInterfaceOrientationPortrait UIInterfaceOrientationLandscapeLeft UIInterfaceOrientationLandscapeRight";
				LD_RUNPATH_SEARCH_PATHS = (
					"$(inherited)",
					"@executable_path/Frameworks",
				);
				MARKETING_VERSION = 1.0;
				PRODUCT_BUNDLE_IDENTIFIER = com.Kpm.KpMedicalWallet;
				PRODUCT_NAME = "$(TARGET_NAME)";
				SWIFT_EMIT_LOC_STRINGS = YES;
				SWIFT_VERSION = 5.0;
				TARGETED_DEVICE_FAMILY = "1,2";
			};
			name = Release;
		};
		1E38D3822C90271E00BB344E /* Debug */ = {
			isa = XCBuildConfiguration;
			buildSettings = {
				ALWAYS_EMBED_SWIFT_STANDARD_LIBRARIES = YES;
				BUNDLE_LOADER = "$(TEST_HOST)";
				CODE_SIGN_STYLE = Automatic;
				CURRENT_PROJECT_VERSION = 1;
				DEVELOPMENT_TEAM = N762C9YWP9;
				GENERATE_INFOPLIST_FILE = YES;
				IPHONEOS_DEPLOYMENT_TARGET = 17.5;
				MARKETING_VERSION = 1.0;
				PRODUCT_BUNDLE_IDENTIFIER = Teamnova.KpMedicalWalletTests;
				PRODUCT_NAME = "$(TARGET_NAME)";
				SWIFT_EMIT_LOC_STRINGS = NO;
				SWIFT_VERSION = 5.0;
				TARGETED_DEVICE_FAMILY = "1,2";
				TEST_HOST = "$(BUILT_PRODUCTS_DIR)/KpMedicalWallet.app/$(BUNDLE_EXECUTABLE_FOLDER_PATH)/KpMedicalWallet";
			};
			name = Debug;
		};
		1E38D3832C90271E00BB344E /* Release */ = {
			isa = XCBuildConfiguration;
			buildSettings = {
				ALWAYS_EMBED_SWIFT_STANDARD_LIBRARIES = YES;
				BUNDLE_LOADER = "$(TEST_HOST)";
				CODE_SIGN_STYLE = Automatic;
				CURRENT_PROJECT_VERSION = 1;
				DEVELOPMENT_TEAM = N762C9YWP9;
				GENERATE_INFOPLIST_FILE = YES;
				IPHONEOS_DEPLOYMENT_TARGET = 17.5;
				MARKETING_VERSION = 1.0;
				PRODUCT_BUNDLE_IDENTIFIER = Teamnova.KpMedicalWalletTests;
				PRODUCT_NAME = "$(TARGET_NAME)";
				SWIFT_EMIT_LOC_STRINGS = NO;
				SWIFT_VERSION = 5.0;
				TARGETED_DEVICE_FAMILY = "1,2";
				TEST_HOST = "$(BUILT_PRODUCTS_DIR)/KpMedicalWallet.app/$(BUNDLE_EXECUTABLE_FOLDER_PATH)/KpMedicalWallet";
			};
			name = Release;
		};
		1E38D3852C90271E00BB344E /* Debug */ = {
			isa = XCBuildConfiguration;
			buildSettings = {
				ALWAYS_EMBED_SWIFT_STANDARD_LIBRARIES = YES;
				CODE_SIGN_STYLE = Automatic;
				CURRENT_PROJECT_VERSION = 1;
				DEVELOPMENT_TEAM = N762C9YWP9;
				GENERATE_INFOPLIST_FILE = YES;
				MARKETING_VERSION = 1.0;
				PRODUCT_BUNDLE_IDENTIFIER = Teamnova.KpMedicalWalletUITests;
				PRODUCT_NAME = "$(TARGET_NAME)";
				SWIFT_EMIT_LOC_STRINGS = NO;
				SWIFT_VERSION = 5.0;
				TARGETED_DEVICE_FAMILY = "1,2";
				TEST_TARGET_NAME = KpMedicalWallet;
			};
			name = Debug;
		};
		1E38D3862C90271E00BB344E /* Release */ = {
			isa = XCBuildConfiguration;
			buildSettings = {
				ALWAYS_EMBED_SWIFT_STANDARD_LIBRARIES = YES;
				CODE_SIGN_STYLE = Automatic;
				CURRENT_PROJECT_VERSION = 1;
				DEVELOPMENT_TEAM = N762C9YWP9;
				GENERATE_INFOPLIST_FILE = YES;
				MARKETING_VERSION = 1.0;
				PRODUCT_BUNDLE_IDENTIFIER = Teamnova.KpMedicalWalletUITests;
				PRODUCT_NAME = "$(TARGET_NAME)";
				SWIFT_EMIT_LOC_STRINGS = NO;
				SWIFT_VERSION = 5.0;
				TARGETED_DEVICE_FAMILY = "1,2";
				TEST_TARGET_NAME = KpMedicalWallet;
			};
			name = Release;
		};
/* End XCBuildConfiguration section */

/* Begin XCConfigurationList section */
		1E38D3502C90271D00BB344E /* Build configuration list for PBXProject "KpMedicalWallet" */ = {
			isa = XCConfigurationList;
			buildConfigurations = (
				1E38D37C2C90271E00BB344E /* Debug */,
				1E38D37D2C90271E00BB344E /* Release */,
			);
			defaultConfigurationIsVisible = 0;
			defaultConfigurationName = Release;
		};
		1E38D37E2C90271E00BB344E /* Build configuration list for PBXNativeTarget "KpMedicalWallet" */ = {
			isa = XCConfigurationList;
			buildConfigurations = (
				1E38D37F2C90271E00BB344E /* Debug */,
				1E38D3802C90271E00BB344E /* Release */,
			);
			defaultConfigurationIsVisible = 0;
			defaultConfigurationName = Release;
		};
		1E38D3812C90271E00BB344E /* Build configuration list for PBXNativeTarget "KpMedicalWalletTests" */ = {
			isa = XCConfigurationList;
			buildConfigurations = (
				1E38D3822C90271E00BB344E /* Debug */,
				1E38D3832C90271E00BB344E /* Release */,
			);
			defaultConfigurationIsVisible = 0;
			defaultConfigurationName = Release;
		};
		1E38D3842C90271E00BB344E /* Build configuration list for PBXNativeTarget "KpMedicalWalletUITests" */ = {
			isa = XCConfigurationList;
			buildConfigurations = (
				1E38D3852C90271E00BB344E /* Debug */,
				1E38D3862C90271E00BB344E /* Release */,
			);
			defaultConfigurationIsVisible = 0;
			defaultConfigurationName = Release;
		};
/* End XCConfigurationList section */

/* Begin XCRemoteSwiftPackageReference section */
		1E9136F82C91667C004F647E /* XCRemoteSwiftPackageReference "firebase-ios-sdk" */ = {
			isa = XCRemoteSwiftPackageReference;
			repositoryURL = "https://github.com/firebase/firebase-ios-sdk.git";
			requirement = {
				kind = upToNextMajorVersion;
				minimumVersion = 11.2.0;
			};
		};
/* End XCRemoteSwiftPackageReference section */

/* Begin XCSwiftPackageProductDependency section */
		1E9136F92C91667C004F647E /* FirebaseMessaging */ = {
			isa = XCSwiftPackageProductDependency;
			package = 1E9136F82C91667C004F647E /* XCRemoteSwiftPackageReference "firebase-ios-sdk" */;
			productName = FirebaseMessaging;
		};
/* End XCSwiftPackageProductDependency section */

/* Begin XCVersionGroup section */
		1E38D3632C90271D00BB344E /* KpMedicalWallet.xcdatamodeld */ = {
			isa = XCVersionGroup;
			children = (
				1E38D3642C90271D00BB344E /* KpMedicalWallet.xcdatamodel */,
			);
			currentVersion = 1E38D3642C90271D00BB344E /* KpMedicalWallet.xcdatamodel */;
			path = KpMedicalWallet.xcdatamodeld;
			sourceTree = "<group>";
			versionGroupType = wrapper.xcdatamodel;
		};
		1EAD50972C9066290010F705 /* UserCacheImages.xcdatamodeld */ = {
			isa = XCVersionGroup;
			children = (
				1EAD50982C9066290010F705 /* UserAuth.xcdatamodel */,
			);
			currentVersion = 1EAD50982C9066290010F705 /* UserAuth.xcdatamodel */;
			path = UserCacheImages.xcdatamodeld;
			sourceTree = "<group>";
			versionGroupType = wrapper.xcdatamodel;
		};
/* End XCVersionGroup section */
	};
	rootObject = 1E38D34D2C90271D00BB344E /* Project object */;
}
